<Solution>
  <Project Path="E:/Patrones_de_diseño/Proyecto/DesignPattern/DesignPattern/DesignPattern.csproj" />
  <Project Path="E:/Patrones_de_diseño/Proyecto/DesignPattern/DesignPatternsAsp/DesignPatternsAsp.csproj" />
  <Project Path="Tools/Tools.csproj" Id="6fc3994e-9d22-4bfa-b180-e9a356dc6b70" />
</Solution>
